# This file is automatically @generated by Cargo.
# It is not intended for manual editing.
version = 4

[[package]]
name = "ellec"
version = "0.1.0"
dependencies = [
 "levenshtein",
]

[[package]]
name = "levenshtein"
version = "1.0.5"
source = "registry+https://github.com/rust-lang/crates.io-index"
checksum = "db13adb97ab515a3691f56e4dbab09283d0b86cb45abd991d8634a9d6f501760"
